// !$*UTF8*$!
{
	archiveVersion = 1;
	classes = {
	};
	objectVersion = 50;
	objects = {

/* Begin PBXBuildFile section */
		CE1803CE22588E8800903AE7 /* APIKit.h in Headers */ = {isa = PBXBuildFile; fileRef = CE1803CC22588E8800903AE7 /* APIKit.h */; settings = {ATTRIBUTES = (Public, ); }; };
		CE1803D522588EC400903AE7 /* APIService.swift in Sources */ = {isa = PBXBuildFile; fileRef = CE1803D422588EC400903AE7 /* APIService.swift */; };
		CE1803D722588EF200903AE7 /* Request.swift in Sources */ = {isa = PBXBuildFile; fileRef = CE1803D622588EF200903AE7 /* Request.swift */; };
		CE1803D922588F0C00903AE7 /* Response.swift in Sources */ = {isa = PBXBuildFile; fileRef = CE1803D822588F0C00903AE7 /* Response.swift */; };
		CE1803DB22588F6500903AE7 /* Encodable+toJSON.swift in Sources */ = {isa = PBXBuildFile; fileRef = CE1803DA22588F6500903AE7 /* Encodable+toJSON.swift */; };
		CE1803DD22588F8800903AE7 /* RequestBuilder.swift in Sources */ = {isa = PBXBuildFile; fileRef = CE1803DC22588F8800903AE7 /* RequestBuilder.swift */; };
		CE1803E522588FCA00903AE7 /* AppDelegate.swift in Sources */ = {isa = PBXBuildFile; fileRef = CE1803E422588FCA00903AE7 /* AppDelegate.swift */; };
		CE1803E722588FCA00903AE7 /* ViewController.swift in Sources */ = {isa = PBXBuildFile; fileRef = CE1803E622588FCA00903AE7 /* ViewController.swift */; };
		CE1803EA22588FCA00903AE7 /* Main.storyboard in Resources */ = {isa = PBXBuildFile; fileRef = CE1803E822588FCA00903AE7 /* Main.storyboard */; };
		CE1803EC22588FCC00903AE7 /* Assets.xcassets in Resources */ = {isa = PBXBuildFile; fileRef = CE1803EB22588FCC00903AE7 /* Assets.xcassets */; };
		CE1803EF22588FCC00903AE7 /* LaunchScreen.storyboard in Resources */ = {isa = PBXBuildFile; fileRef = CE1803ED22588FCC00903AE7 /* LaunchScreen.storyboard */; };
		CE1803F52258973200903AE7 /* Constants.swift in Sources */ = {isa = PBXBuildFile; fileRef = CE1803F42258973200903AE7 /* Constants.swift */; };
		CE1803F72258978D00903AE7 /* NetworkError.swift in Sources */ = {isa = PBXBuildFile; fileRef = CE1803F62258978D00903AE7 /* NetworkError.swift */; };
		CE1803F9225897AA00903AE7 /* ResultConverter.swift in Sources */ = {isa = PBXBuildFile; fileRef = CE1803F8225897AA00903AE7 /* ResultConverter.swift */; };
		CE1803FA2258A7A800903AE7 /* APIKit.framework in Frameworks */ = {isa = PBXBuildFile; fileRef = CE1803C922588E8800903AE7 /* APIKit.framework */; };
		CE1803FB2258A7A800903AE7 /* APIKit.framework in Embed Frameworks */ = {isa = PBXBuildFile; fileRef = CE1803C922588E8800903AE7 /* APIKit.framework */; settings = {ATTRIBUTES = (CodeSignOnCopy, RemoveHeadersOnCopy, ); }; };
/* End PBXBuildFile section */

/* Begin PBXContainerItemProxy section */
		CE1803FC2258A7A900903AE7 /* PBXContainerItemProxy */ = {
			isa = PBXContainerItemProxy;
			containerPortal = CE1803C022588E8700903AE7 /* Project object */;
			proxyType = 1;
			remoteGlobalIDString = CE1803C822588E8800903AE7;
			remoteInfo = APIKit;
		};
/* End PBXContainerItemProxy section */

/* Begin PBXCopyFilesBuildPhase section */
		CE1803FE2258A7A900903AE7 /* Embed Frameworks */ = {
			isa = PBXCopyFilesBuildPhase;
			buildActionMask = 2147483647;
			dstPath = "";
			dstSubfolderSpec = 10;
			files = (
				CE1803FB2258A7A800903AE7 /* APIKit.framework in Embed Frameworks */,
			);
			name = "Embed Frameworks";
			runOnlyForDeploymentPostprocessing = 0;
		};
/* End PBXCopyFilesBuildPhase section */

/* Begin PBXFileReference section */
		CE1803C922588E8800903AE7 /* APIKit.framework */ = {isa = PBXFileReference; explicitFileType = wrapper.framework; includeInIndex = 0; path = APIKit.framework; sourceTree = BUILT_PRODUCTS_DIR; };
		CE1803CC22588E8800903AE7 /* APIKit.h */ = {isa = PBXFileReference; lastKnownFileType = sourcecode.c.h; path = APIKit.h; sourceTree = "<group>"; };
		CE1803CD22588E8800903AE7 /* Info.plist */ = {isa = PBXFileReference; lastKnownFileType = text.plist.xml; path = Info.plist; sourceTree = "<group>"; };
		CE1803D422588EC400903AE7 /* APIService.swift */ = {isa = PBXFileReference; lastKnownFileType = sourcecode.swift; path = APIService.swift; sourceTree = "<group>"; };
		CE1803D622588EF200903AE7 /* Request.swift */ = {isa = PBXFileReference; lastKnownFileType = sourcecode.swift; path = Request.swift; sourceTree = "<group>"; };
		CE1803D822588F0C00903AE7 /* Response.swift */ = {isa = PBXFileReference; lastKnownFileType = sourcecode.swift; path = Response.swift; sourceTree = "<group>"; };
		CE1803DA22588F6500903AE7 /* Encodable+toJSON.swift */ = {isa = PBXFileReference; lastKnownFileType = sourcecode.swift; path = "Encodable+toJSON.swift"; sourceTree = "<group>"; };
		CE1803DC22588F8800903AE7 /* RequestBuilder.swift */ = {isa = PBXFileReference; lastKnownFileType = sourcecode.swift; path = RequestBuilder.swift; sourceTree = "<group>"; };
		CE1803E222588FCA00903AE7 /* JSONPlaceholderExample.app */ = {isa = PBXFileReference; explicitFileType = wrapper.application; includeInIndex = 0; path = JSONPlaceholderExample.app; sourceTree = BUILT_PRODUCTS_DIR; };
		CE1803E422588FCA00903AE7 /* AppDelegate.swift */ = {isa = PBXFileReference; lastKnownFileType = sourcecode.swift; path = AppDelegate.swift; sourceTree = "<group>"; };
		CE1803E622588FCA00903AE7 /* ViewController.swift */ = {isa = PBXFileReference; lastKnownFileType = sourcecode.swift; path = ViewController.swift; sourceTree = "<group>"; };
		CE1803E922588FCA00903AE7 /* Base */ = {isa = PBXFileReference; lastKnownFileType = file.storyboard; name = Base; path = Base.lproj/Main.storyboard; sourceTree = "<group>"; };
		CE1803EB22588FCC00903AE7 /* Assets.xcassets */ = {isa = PBXFileReference; lastKnownFileType = folder.assetcatalog; path = Assets.xcassets; sourceTree = "<group>"; };
		CE1803EE22588FCC00903AE7 /* Base */ = {isa = PBXFileReference; lastKnownFileType = file.storyboard; name = Base; path = Base.lproj/LaunchScreen.storyboard; sourceTree = "<group>"; };
		CE1803F022588FCC00903AE7 /* Info.plist */ = {isa = PBXFileReference; lastKnownFileType = text.plist.xml; path = Info.plist; sourceTree = "<group>"; };
		CE1803F42258973200903AE7 /* Constants.swift */ = {isa = PBXFileReference; lastKnownFileType = sourcecode.swift; path = Constants.swift; sourceTree = "<group>"; };
		CE1803F62258978D00903AE7 /* NetworkError.swift */ = {isa = PBXFileReference; lastKnownFileType = sourcecode.swift; path = NetworkError.swift; sourceTree = "<group>"; };
		CE1803F8225897AA00903AE7 /* ResultConverter.swift */ = {isa = PBXFileReference; lastKnownFileType = sourcecode.swift; path = ResultConverter.swift; sourceTree = "<group>"; };
/* End PBXFileReference section */

/* Begin PBXFrameworksBuildPhase section */
		CE1803C622588E8800903AE7 /* Frameworks */ = {
			isa = PBXFrameworksBuildPhase;
			buildActionMask = 2147483647;
			files = (
			);
			runOnlyForDeploymentPostprocessing = 0;
		};
		CE1803DF22588FCA00903AE7 /* Frameworks */ = {
			isa = PBXFrameworksBuildPhase;
			buildActionMask = 2147483647;
			files = (
				CE1803FA2258A7A800903AE7 /* APIKit.framework in Frameworks */,
			);
			runOnlyForDeploymentPostprocessing = 0;
		};
/* End PBXFrameworksBuildPhase section */

/* Begin PBXGroup section */
		CE1803BF22588E8700903AE7 = {
			isa = PBXGroup;
			children = (
				CE1803CB22588E8800903AE7 /* APIKit */,
				CE1803E322588FCA00903AE7 /* JSONPlaceholderExample */,
				CE1803CA22588E8800903AE7 /* Products */,
			);
			sourceTree = "<group>";
		};
		CE1803CA22588E8800903AE7 /* Products */ = {
			isa = PBXGroup;
			children = (
				CE1803C922588E8800903AE7 /* APIKit.framework */,
				CE1803E222588FCA00903AE7 /* JSONPlaceholderExample.app */,
			);
			name = Products;
			sourceTree = "<group>";
		};
		CE1803CB22588E8800903AE7 /* APIKit */ = {
			isa = PBXGroup;
			children = (
				CE1803CC22588E8800903AE7 /* APIKit.h */,
				CE1803CD22588E8800903AE7 /* Info.plist */,
				CEDFC3FF2258B65B00E8DDD2 /* APIService */,
				CEDFC3FE2258B64B00E8DDD2 /* Supporting files */,
			);
			path = APIKit;
			sourceTree = "<group>";
		};
		CE1803E322588FCA00903AE7 /* JSONPlaceholderExample */ = {
			isa = PBXGroup;
			children = (
				CE1803E422588FCA00903AE7 /* AppDelegate.swift */,
				CE1803E622588FCA00903AE7 /* ViewController.swift */,
				CE1803E822588FCA00903AE7 /* Main.storyboard */,
				CE1803EB22588FCC00903AE7 /* Assets.xcassets */,
				CE1803ED22588FCC00903AE7 /* LaunchScreen.storyboard */,
				CE1803F022588FCC00903AE7 /* Info.plist */,
			);
			path = JSONPlaceholderExample;
			sourceTree = "<group>";
		};
		CEDFC3FE2258B64B00E8DDD2 /* Supporting files */ = {
			isa = PBXGroup;
			children = (
				CE1803DA22588F6500903AE7 /* Encodable+toJSON.swift */,
				CE1803DC22588F8800903AE7 /* RequestBuilder.swift */,
				CE1803F42258973200903AE7 /* Constants.swift */,
				CE1803F62258978D00903AE7 /* NetworkError.swift */,
				CE1803F8225897AA00903AE7 /* ResultConverter.swift */,
			);
			path = "Supporting files";
			sourceTree = "<group>";
		};
		CEDFC3FF2258B65B00E8DDD2 /* APIService */ = {
			isa = PBXGroup;
			children = (
				CE1803D422588EC400903AE7 /* APIService.swift */,
				CE1803D622588EF200903AE7 /* Request.swift */,
				CE1803D822588F0C00903AE7 /* Response.swift */,
			);
			path = APIService;
			sourceTree = "<group>";
		};
/* End PBXGroup section */

/* Begin PBXHeadersBuildPhase section */
		CE1803C422588E8800903AE7 /* Headers */ = {
			isa = PBXHeadersBuildPhase;
			buildActionMask = 2147483647;
			files = (
				CE1803CE22588E8800903AE7 /* APIKit.h in Headers */,
			);
			runOnlyForDeploymentPostprocessing = 0;
		};
/* End PBXHeadersBuildPhase section */

/* Begin PBXNativeTarget section */
		CE1803C822588E8800903AE7 /* APIKit */ = {
			isa = PBXNativeTarget;
			buildConfigurationList = CE1803D122588E8800903AE7 /* Build configuration list for PBXNativeTarget "APIKit" */;
			buildPhases = (
				CE1803C422588E8800903AE7 /* Headers */,
				CE1803C522588E8800903AE7 /* Sources */,
				CE1803C622588E8800903AE7 /* Frameworks */,
				CE1803C722588E8800903AE7 /* Resources */,
			);
			buildRules = (
			);
			dependencies = (
			);
			name = APIKit;
			productName = APIKit;
			productReference = CE1803C922588E8800903AE7 /* APIKit.framework */;
			productType = "com.apple.product-type.framework";
		};
		CE1803E122588FCA00903AE7 /* JSONPlaceholderExample */ = {
			isa = PBXNativeTarget;
			buildConfigurationList = CE1803F122588FCC00903AE7 /* Build configuration list for PBXNativeTarget "JSONPlaceholderExample" */;
			buildPhases = (
				CE1803DE22588FCA00903AE7 /* Sources */,
				CE1803DF22588FCA00903AE7 /* Frameworks */,
				CE1803E022588FCA00903AE7 /* Resources */,
				CE1803FE2258A7A900903AE7 /* Embed Frameworks */,
			);
			buildRules = (
			);
			dependencies = (
				CE1803FD2258A7A900903AE7 /* PBXTargetDependency */,
			);
			name = JSONPlaceholderExample;
			productName = JSONPlaceholderExample;
			productReference = CE1803E222588FCA00903AE7 /* JSONPlaceholderExample.app */;
			productType = "com.apple.product-type.application";
		};
/* End PBXNativeTarget section */

/* Begin PBXProject section */
		CE1803C022588E8700903AE7 /* Project object */ = {
			isa = PBXProject;
			attributes = {
				LastSwiftUpdateCheck = 1020;
				LastUpgradeCheck = 1020;
				ORGANIZATIONNAME = MisnikovRoman;
				TargetAttributes = {
					CE1803C822588E8800903AE7 = {
						CreatedOnToolsVersion = 10.2;
						LastSwiftMigration = 1020;
					};
					CE1803E122588FCA00903AE7 = {
						CreatedOnToolsVersion = 10.2;
					};
				};
			};
			buildConfigurationList = CE1803C322588E8700903AE7 /* Build configuration list for PBXProject "APIKit" */;
			compatibilityVersion = "Xcode 9.3";
			developmentRegion = en;
			hasScannedForEncodings = 0;
			knownRegions = (
				en,
				Base,
			);
			mainGroup = CE1803BF22588E8700903AE7;
			productRefGroup = CE1803CA22588E8800903AE7 /* Products */;
			projectDirPath = "";
			projectRoot = "";
			targets = (
				CE1803C822588E8800903AE7 /* APIKit */,
				CE1803E122588FCA00903AE7 /* JSONPlaceholderExample */,
			);
		};
/* End PBXProject section */

/* Begin PBXResourcesBuildPhase section */
		CE1803C722588E8800903AE7 /* Resources */ = {
			isa = PBXResourcesBuildPhase;
			buildActionMask = 2147483647;
			files = (
			);
			runOnlyForDeploymentPostprocessing = 0;
		};
		CE1803E022588FCA00903AE7 /* Resources */ = {
			isa = PBXResourcesBuildPhase;
			buildActionMask = 2147483647;
			files = (
				CE1803EF22588FCC00903AE7 /* LaunchScreen.storyboard in Resources */,
				CE1803EC22588FCC00903AE7 /* Assets.xcassets in Resources */,
				CE1803EA22588FCA00903AE7 /* Main.storyboard in Resources */,
			);
			runOnlyForDeploymentPostprocessing = 0;
		};
/* End PBXResourcesBuildPhase section */

/* Begin PBXSourcesBuildPhase section */
		CE1803C522588E8800903AE7 /* Sources */ = {
			isa = PBXSourcesBuildPhase;
			buildActionMask = 2147483647;
			files = (
				CE1803DD22588F8800903AE7 /* RequestBuilder.swift in Sources */,
				CE1803F72258978D00903AE7 /* NetworkError.swift in Sources */,
				CE1803D522588EC400903AE7 /* APIService.swift in Sources */,
				CE1803D922588F0C00903AE7 /* Response.swift in Sources */,
				CE1803DB22588F6500903AE7 /* Encodable+toJSON.swift in Sources */,
				CE1803D722588EF200903AE7 /* Request.swift in Sources */,
				CE1803F52258973200903AE7 /* Constants.swift in Sources */,
				CE1803F9225897AA00903AE7 /* ResultConverter.swift in Sources */,
			);
			runOnlyForDeploymentPostprocessing = 0;
		};
		CE1803DE22588FCA00903AE7 /* Sources */ = {
			isa = PBXSourcesBuildPhase;
			buildActionMask = 2147483647;
			files = (
				CE1803E722588FCA00903AE7 /* ViewController.swift in Sources */,
				CE1803E522588FCA00903AE7 /* AppDelegate.swift in Sources */,
			);
			runOnlyForDeploymentPostprocessing = 0;
		};
/* End PBXSourcesBuildPhase section */

/* Begin PBXTargetDependency section */
		CE1803FD2258A7A900903AE7 /* PBXTargetDependency */ = {
			isa = PBXTargetDependency;
			target = CE1803C822588E8800903AE7 /* APIKit */;
			targetProxy = CE1803FC2258A7A900903AE7 /* PBXContainerItemProxy */;
		};
/* End PBXTargetDependency section */

/* Begin PBXVariantGroup section */
		CE1803E822588FCA00903AE7 /* Main.storyboard */ = {
			isa = PBXVariantGroup;
			children = (
				CE1803E922588FCA00903AE7 /* Base */,
			);
			name = Main.storyboard;
			sourceTree = "<group>";
		};
		CE1803ED22588FCC00903AE7 /* LaunchScreen.storyboard */ = {
			isa = PBXVariantGroup;
			children = (
				CE1803EE22588FCC00903AE7 /* Base */,
			);
			name = LaunchScreen.storyboard;
			sourceTree = "<group>";
		};
/* End PBXVariantGroup section */

/* Begin XCBuildConfiguration section */
		CE1803CF22588E8800903AE7 /* Debug */ = {
			isa = XCBuildConfiguration;
			buildSettings = {
				ALWAYS_SEARCH_USER_PATHS = NO;
				CLANG_ANALYZER_NONNULL = YES;
				CLANG_ANALYZER_NUMBER_OBJECT_CONVERSION = YES_AGGRESSIVE;
				CLANG_CXX_LANGUAGE_STANDARD = "gnu++14";
				CLANG_CXX_LIBRARY = "libc++";
				CLANG_ENABLE_MODULES = YES;
				CLANG_ENABLE_OBJC_ARC = YES;
				CLANG_ENABLE_OBJC_WEAK = YES;
				CLANG_WARN_BLOCK_CAPTURE_AUTORELEASING = YES;
				CLANG_WARN_BOOL_CONVERSION = YES;
				CLANG_WARN_COMMA = YES;
				CLANG_WARN_CONSTANT_CONVERSION = YES;
				CLANG_WARN_DEPRECATED_OBJC_IMPLEMENTATIONS = YES;
				CLANG_WARN_DIRECT_OBJC_ISA_USAGE = YES_ERROR;
				CLANG_WARN_DOCUMENTATION_COMMENTS = YES;
				CLANG_WARN_EMPTY_BODY = YES;
				CLANG_WARN_ENUM_CONVERSION = YES;
				CLANG_WARN_INFINITE_RECURSION = YES;
				CLANG_WARN_INT_CONVERSION = YES;
				CLANG_WARN_NON_LITERAL_NULL_CONVERSION = YES;
				CLANG_WARN_OBJC_IMPLICIT_RETAIN_SELF = YES;
				CLANG_WARN_OBJC_LITERAL_CONVERSION = YES;
				CLANG_WARN_OBJC_ROOT_CLASS = YES_ERROR;
				CLANG_WARN_RANGE_LOOP_ANALYSIS = YES;
				CLANG_WARN_STRICT_PROTOTYPES = YES;
				CLANG_WARN_SUSPICIOUS_MOVE = YES;
				CLANG_WARN_UNGUARDED_AVAILABILITY = YES_AGGRESSIVE;
				CLANG_WARN_UNREACHABLE_CODE = YES;
				CLANG_WARN__DUPLICATE_METHOD_MATCH = YES;
				CODE_SIGN_IDENTITY = "iPhone Developer";
				COPY_PHASE_STRIP = NO;
				CURRENT_PROJECT_VERSION = 1;
				DEBUG_INFORMATION_FORMAT = dwarf;
				ENABLE_STRICT_OBJC_MSGSEND = YES;
				ENABLE_TESTABILITY = YES;
				GCC_C_LANGUAGE_STANDARD = gnu11;
				GCC_DYNAMIC_NO_PIC = NO;
				GCC_NO_COMMON_BLOCKS = YES;
				GCC_OPTIMIZATION_LEVEL = 0;
				GCC_PREPROCESSOR_DEFINITIONS = (
					"DEBUG=1",
					"$(inherited)",
				);
				GCC_WARN_64_TO_32_BIT_CONVERSION = YES;
				GCC_WARN_ABOUT_RETURN_TYPE = YES_ERROR;
				GCC_WARN_UNDECLARED_SELECTOR = YES;
				GCC_WARN_UNINITIALIZED_AUTOS = YES_AGGRESSIVE;
				GCC_WARN_UNUSED_FUNCTION = YES;
				GCC_WARN_UNUSED_VARIABLE = YES;
				IPHONEOS_DEPLOYMENT_TARGET = 12.2;
				MTL_ENABLE_DEBUG_INFO = INCLUDE_SOURCE;
				MTL_FAST_MATH = YES;
				ONLY_ACTIVE_ARCH = YES;
				SDKROOT = iphoneos;
				SWIFT_ACTIVE_COMPILATION_CONDITIONS = DEBUG;
				SWIFT_OPTIMIZATION_LEVEL = "-Onone";
				VERSIONING_SYSTEM = "apple-generic";
				VERSION_INFO_PREFIX = "";
			};
			name = Debug;
		};
		CE1803D022588E8800903AE7 /* Release */ = {
			isa = XCBuildConfiguration;
			buildSettings = {
				ALWAYS_SEARCH_USER_PATHS = NO;
				CLANG_ANALYZER_NONNULL = YES;
				CLANG_ANALYZER_NUMBER_OBJECT_CONVERSION = YES_AGGRESSIVE;
				CLANG_CXX_LANGUAGE_STANDARD = "gnu++14";
				CLANG_CXX_LIBRARY = "libc++";
				CLANG_ENABLE_MODULES = YES;
				CLANG_ENABLE_OBJC_ARC = YES;
				CLANG_ENABLE_OBJC_WEAK = YES;
				CLANG_WARN_BLOCK_CAPTURE_AUTORELEASING = YES;
				CLANG_WARN_BOOL_CONVERSION = YES;
				CLANG_WARN_COMMA = YES;
				CLANG_WARN_CONSTANT_CONVERSION = YES;
				CLANG_WARN_DEPRECATED_OBJC_IMPLEMENTATIONS = YES;
				CLANG_WARN_DIRECT_OBJC_ISA_USAGE = YES_ERROR;
				CLANG_WARN_DOCUMENTATION_COMMENTS = YES;
				CLANG_WARN_EMPTY_BODY = YES;
				CLANG_WARN_ENUM_CONVERSION = YES;
				CLANG_WARN_INFINITE_RECURSION = YES;
				CLANG_WARN_INT_CONVERSION = YES;
				CLANG_WARN_NON_LITERAL_NULL_CONVERSION = YES;
				CLANG_WARN_OBJC_IMPLICIT_RETAIN_SELF = YES;
				CLANG_WARN_OBJC_LITERAL_CONVERSION = YES;
				CLANG_WARN_OBJC_ROOT_CLASS = YES_ERROR;
				CLANG_WARN_RANGE_LOOP_ANALYSIS = YES;
				CLANG_WARN_STRICT_PROTOTYPES = YES;
				CLANG_WARN_SUSPICIOUS_MOVE = YES;
				CLANG_WARN_UNGUARDED_AVAILABILITY = YES_AGGRESSIVE;
				CLANG_WARN_UNREACHABLE_CODE = YES;
				CLANG_WARN__DUPLICATE_METHOD_MATCH = YES;
				CODE_SIGN_IDENTITY = "iPhone Developer";
				COPY_PHASE_STRIP = NO;
				CURRENT_PROJECT_VERSION = 1;
				DEBUG_INFORMATION_FORMAT = "dwarf-with-dsym";
				ENABLE_NS_ASSERTIONS = NO;
				ENABLE_STRICT_OBJC_MSGSEND = YES;
				GCC_C_LANGUAGE_STANDARD = gnu11;
				GCC_NO_COMMON_BLOCKS = YES;
				GCC_WARN_64_TO_32_BIT_CONVERSION = YES;
				GCC_WARN_ABOUT_RETURN_TYPE = YES_ERROR;
				GCC_WARN_UNDECLARED_SELECTOR = YES;
				GCC_WARN_UNINITIALIZED_AUTOS = YES_AGGRESSIVE;
				GCC_WARN_UNUSED_FUNCTION = YES;
				GCC_WARN_UNUSED_VARIABLE = YES;
				IPHONEOS_DEPLOYMENT_TARGET = 12.2;
				MTL_ENABLE_DEBUG_INFO = NO;
				MTL_FAST_MATH = YES;
				SDKROOT = iphoneos;
				SWIFT_COMPILATION_MODE = wholemodule;
				SWIFT_OPTIMIZATION_LEVEL = "-O";
				VALIDATE_PRODUCT = YES;
				VERSIONING_SYSTEM = "apple-generic";
				VERSION_INFO_PREFIX = "";
			};
			name = Release;
		};
		CE1803D222588E8800903AE7 /* Debug */ = {
			isa = XCBuildConfiguration;
			buildSettings = {
				CLANG_ENABLE_MODULES = YES;
				CODE_SIGN_IDENTITY = "";
				CODE_SIGN_STYLE = Automatic;
				DEFINES_MODULE = YES;
				DEVELOPMENT_TEAM = JJHX98NUDV;
				DYLIB_COMPATIBILITY_VERSION = 1;
				DYLIB_CURRENT_VERSION = 1;
				DYLIB_INSTALL_NAME_BASE = "@rpath";
				INFOPLIST_FILE = APIKit/Info.plist;
				INSTALL_PATH = "$(LOCAL_LIBRARY_DIR)/Frameworks";
				LD_RUNPATH_SEARCH_PATHS = (
					"$(inherited)",
					"@executable_path/Frameworks",
					"@loader_path/Frameworks",
				);
				PRODUCT_BUNDLE_IDENTIFIER = com.RFMisnikov.APIKit;
				PRODUCT_NAME = "$(TARGET_NAME:c99extidentifier)";
				SKIP_INSTALL = YES;
				SWIFT_OPTIMIZATION_LEVEL = "-Onone";
				SWIFT_VERSION = 5.0;
				TARGETED_DEVICE_FAMILY = "1,2";
			};
			name = Debug;
		};
		CE1803D322588E8800903AE7 /* Release */ = {
			isa = XCBuildConfiguration;
			buildSettings = {
				CLANG_ENABLE_MODULES = YES;
				CODE_SIGN_IDENTITY = "";
				CODE_SIGN_STYLE = Automatic;
				DEFINES_MODULE = YES;
				DEVELOPMENT_TEAM = JJHX98NUDV;
				DYLIB_COMPATIBILITY_VERSION = 1;
				DYLIB_CURRENT_VERSION = 1;
				DYLIB_INSTALL_NAME_BASE = "@rpath";
				INFOPLIST_FILE = APIKit/Info.plist;
				INSTALL_PATH = "$(LOCAL_LIBRARY_DIR)/Frameworks";
				LD_RUNPATH_SEARCH_PATHS = (
					"$(inherited)",
					"@executable_path/Frameworks",
					"@loader_path/Frameworks",
				);
				PRODUCT_BUNDLE_IDENTIFIER = com.RFMisnikov.APIKit;
				PRODUCT_NAME = "$(TARGET_NAME:c99extidentifier)";
				SKIP_INSTALL = YES;
				SWIFT_VERSION = 5.0;
				TARGETED_DEVICE_FAMILY = "1,2";
			};
			name = Release;
		};
		CE1803F222588FCC00903AE7 /* Debug */ = {
			isa = XCBuildConfiguration;
			buildSettings = {
				ALWAYS_EMBED_SWIFT_STANDARD_LIBRARIES = YES;
				ASSETCATALOG_COMPILER_APPICON_NAME = AppIcon;
				CODE_SIGN_STYLE = Automatic;
				DEVELOPMENT_TEAM = JJHX98NUDV;
				INFOPLIST_FILE = JSONPlaceholderExample/Info.plist;
				LD_RUNPATH_SEARCH_PATHS = (
					"$(inherited)",
					"@executable_path/Frameworks",
				);
				PRODUCT_BUNDLE_IDENTIFIER = com.RFMisnikov.JSONPlaceholderExample;
				PRODUCT_NAME = "$(TARGET_NAME)";
				SWIFT_VERSION = 5.0;
				TARGETED_DEVICE_FAMILY = "1,2";
			};
			name = Debug;
		};
		CE1803F322588FCC00903AE7 /* Release */ = {
			isa = XCBuildConfiguration;
			buildSettings = {
				ALWAYS_EMBED_SWIFT_STANDARD_LIBRARIES = YES;
				ASSETCATALOG_COMPILER_APPICON_NAME = AppIcon;
				CODE_SIGN_STYLE = Automatic;
				DEVELOPMENT_TEAM = JJHX98NUDV;
				INFOPLIST_FILE = JSONPlaceholderExample/Info.plist;
				LD_RUNPATH_SEARCH_PATHS = (
					"$(inherited)",
					"@executable_path/Frameworks",
				);
				PRODUCT_BUNDLE_IDENTIFIER = com.RFMisnikov.JSONPlaceholderExample;
				PRODUCT_NAME = "$(TARGET_NAME)";
				SWIFT_VERSION = 5.0;
				TARGETED_DEVICE_FAMILY = "1,2";
			};
			name = Release;
		};
/* End XCBuildConfiguration section */

/* Begin XCConfigurationList section */
		CE1803C322588E8700903AE7 /* Build configuration list for PBXProject "APIKit" */ = {
			isa = XCConfigurationList;
			buildConfigurations = (
				CE1803CF22588E8800903AE7 /* Debug */,
				CE1803D022588E8800903AE7 /* Release */,
			);
			defaultConfigurationIsVisible = 0;
			defaultConfigurationName = Release;
		};
		CE1803D122588E8800903AE7 /* Build configuration list for PBXNativeTarget "APIKit" */ = {
			isa = XCConfigurationList;
			buildConfigurations = (
				CE1803D222588E8800903AE7 /* Debug */,
				CE1803D322588E8800903AE7 /* Release */,
			);
			defaultConfigurationIsVisible = 0;
			defaultConfigurationName = Release;
		};
		CE1803F122588FCC00903AE7 /* Build configuration list for PBXNativeTarget "JSONPlaceholderExample" */ = {
			isa = XCConfigurationList;
			buildConfigurations = (
				CE1803F222588FCC00903AE7 /* Debug */,
				CE1803F322588FCC00903AE7 /* Release */,
			);
			defaultConfigurationIsVisible = 0;
			defaultConfigurationName = Release;
		};
/* End XCConfigurationList section */
	};
	rootObject = CE1803C022588E8700903AE7 /* Project object */;
}
